{
  "name": "m-sharing",
  "version": "1.0.0",
  "lockfileVersion": 1,
  "requires": true,
  "dependencies": {
    "m-utilities": {
      "version": "1.16.5",
      "resolved": "https://registry.npmjs.org/m-utilities/-/m-utilities-1.16.5.tgz",
      "integrity": "sha512-Bi/KRQQeEKiuoIqhE3LLMzQN0eVD4TvCJmQzshva0pHKkES+WpRkbykANjQh+15ACliSZo+Zsl3Ya7YQo/ADAQ=="
    }
  }
}
